// !$*UTF8*$!
{
	archiveVersion = 1;
	classes = {
	};
	objectVersion = 56;
	objects = {

/* Begin PBXBuildFile section */
		6E7178E32AF7682100120591 /* AppDelegate.swift in Sources */ = {isa = PBXBuildFile; fileRef = 6E7178E22AF7682100120591 /* AppDelegate.swift */; };
		6E7178E52AF7682100120591 /* SceneDelegate.swift in Sources */ = {isa = PBXBuildFile; fileRef = 6E7178E42AF7682100120591 /* SceneDelegate.swift */; };
		6E7178E72AF7682100120591 /* HomeViewController.swift in Sources */ = {isa = PBXBuildFile; fileRef = 6E7178E62AF7682100120591 /* HomeViewController.swift */; };
		6E7178EA2AF7682100120591 /* Main.storyboard in Resources */ = {isa = PBXBuildFile; fileRef = 6E7178E82AF7682100120591 /* Main.storyboard */; };
		6E7178EC2AF7682200120591 /* Assets.xcassets in Resources */ = {isa = PBXBuildFile; fileRef = 6E7178EB2AF7682200120591 /* Assets.xcassets */; };
		6E7178EF2AF7682200120591 /* LaunchScreen.storyboard in Resources */ = {isa = PBXBuildFile; fileRef = 6E7178ED2AF7682200120591 /* LaunchScreen.storyboard */; };
		6E7178F72AF7689900120591 /* TMDB.swift in Sources */ = {isa = PBXBuildFile; fileRef = 6E7178F62AF7689900120591 /* TMDB.swift */; };
		6E7178F92AF768C100120591 /* TMDBManager.swift in Sources */ = {isa = PBXBuildFile; fileRef = 6E7178F82AF768C100120591 /* TMDBManager.swift */; };
		6E7178FB2AF768FA00120591 /* .gitignore in Resources */ = {isa = PBXBuildFile; fileRef = 6E7178FA2AF768FA00120591 /* .gitignore */; };
		6E7178FD2AF7692200120591 /* APIKey.swift in Sources */ = {isa = PBXBuildFile; fileRef = 6E7178FC2AF7692200120591 /* APIKey.swift */; };
		6ED3C3BC2AF76D3B00CAED98 /* SwiftyJSON in Frameworks */ = {isa = PBXBuildFile; productRef = 6ED3C3BB2AF76D3B00CAED98 /* SwiftyJSON */; };
		6ED3C3BF2AF76DC300CAED98 /* Kingfisher in Frameworks */ = {isa = PBXBuildFile; productRef = 6ED3C3BE2AF76DC300CAED98 /* Kingfisher */; };
		6ED3C3C22AF76DEE00CAED98 /* Alamofire in Frameworks */ = {isa = PBXBuildFile; productRef = 6ED3C3C12AF76DEE00CAED98 /* Alamofire */; };
		6ED3C3C42AF7715300CAED98 /* DetailViewController.swift in Sources */ = {isa = PBXBuildFile; fileRef = 6ED3C3C32AF7715300CAED98 /* DetailViewController.swift */; };
		6ED3C3C62AF7717F00CAED98 /* MovieTableViewCell.swift in Sources */ = {isa = PBXBuildFile; fileRef = 6ED3C3C52AF7717F00CAED98 /* MovieTableViewCell.swift */; };
		6ED3C3C82AF771A700CAED98 /* CastTableViewCell.swift in Sources */ = {isa = PBXBuildFile; fileRef = 6ED3C3C72AF771A700CAED98 /* CastTableViewCell.swift */; };
/* End PBXBuildFile section */

/* Begin PBXFileReference section */
		6E7178DF2AF7682100120591 /* TMBDProject1.app */ = {isa = PBXFileReference; explicitFileType = wrapper.application; includeInIndex = 0; path = TMBDProject1.app; sourceTree = BUILT_PRODUCTS_DIR; };
		6E7178E22AF7682100120591 /* AppDelegate.swift */ = {isa = PBXFileReference; lastKnownFileType = sourcecode.swift; path = AppDelegate.swift; sourceTree = "<group>"; };
		6E7178E42AF7682100120591 /* SceneDelegate.swift */ = {isa = PBXFileReference; lastKnownFileType = sourcecode.swift; path = SceneDelegate.swift; sourceTree = "<group>"; };
		6E7178E62AF7682100120591 /* HomeViewController.swift */ = {isa = PBXFileReference; lastKnownFileType = sourcecode.swift; path = HomeViewController.swift; sourceTree = "<group>"; };
		6E7178E92AF7682100120591 /* Base */ = {isa = PBXFileReference; lastKnownFileType = file.storyboard; name = Base; path = Base.lproj/Main.storyboard; sourceTree = "<group>"; };
		6E7178EB2AF7682200120591 /* Assets.xcassets */ = {isa = PBXFileReference; lastKnownFileType = folder.assetcatalog; path = Assets.xcassets; sourceTree = "<group>"; };
		6E7178EE2AF7682200120591 /* Base */ = {isa = PBXFileReference; lastKnownFileType = file.storyboard; name = Base; path = Base.lproj/LaunchScreen.storyboard; sourceTree = "<group>"; };
		6E7178F02AF7682200120591 /* Info.plist */ = {isa = PBXFileReference; lastKnownFileType = text.plist.xml; path = Info.plist; sourceTree = "<group>"; };
		6E7178F62AF7689900120591 /* TMDB.swift */ = {isa = PBXFileReference; lastKnownFileType = sourcecode.swift; path = TMDB.swift; sourceTree = "<group>"; };
		6E7178F82AF768C100120591 /* TMDBManager.swift */ = {isa = PBXFileReference; lastKnownFileType = sourcecode.swift; path = TMDBManager.swift; sourceTree = "<group>"; };
		6E7178FA2AF768FA00120591 /* .gitignore */ = {isa = PBXFileReference; lastKnownFileType = text; path = .gitignore; sourceTree = "<group>"; };
		6E7178FC2AF7692200120591 /* APIKey.swift */ = {isa = PBXFileReference; lastKnownFileType = sourcecode.swift; path = APIKey.swift; sourceTree = "<group>"; };
		6ED3C3C32AF7715300CAED98 /* DetailViewController.swift */ = {isa = PBXFileReference; lastKnownFileType = sourcecode.swift; path = DetailViewController.swift; sourceTree = "<group>"; };
		6ED3C3C52AF7717F00CAED98 /* MovieTableViewCell.swift */ = {isa = PBXFileReference; lastKnownFileType = sourcecode.swift; path = MovieTableViewCell.swift; sourceTree = "<group>"; };
		6ED3C3C72AF771A700CAED98 /* CastTableViewCell.swift */ = {isa = PBXFileReference; lastKnownFileType = sourcecode.swift; path = CastTableViewCell.swift; sourceTree = "<group>"; };
/* End PBXFileReference section */

/* Begin PBXFrameworksBuildPhase section */
		6E7178DC2AF7682100120591 /* Frameworks */ = {
			isa = PBXFrameworksBuildPhase;
			buildActionMask = 2147483647;
			files = (
				6ED3C3C22AF76DEE00CAED98 /* Alamofire in Frameworks */,
				6ED3C3BF2AF76DC300CAED98 /* Kingfisher in Frameworks */,
				6ED3C3BC2AF76D3B00CAED98 /* SwiftyJSON in Frameworks */,
			);
			runOnlyForDeploymentPostprocessing = 0;
		};
/* End PBXFrameworksBuildPhase section */

/* Begin PBXGroup section */
		6E7178D62AF7682100120591 = {
			isa = PBXGroup;
			children = (
				6E7178FA2AF768FA00120591 /* .gitignore */,
				6E7178E12AF7682100120591 /* TMBDProject */,
				6E7178E02AF7682100120591 /* Products */,
			);
			sourceTree = "<group>";
		};
		6E7178E02AF7682100120591 /* Products */ = {
			isa = PBXGroup;
			children = (
				6E7178DF2AF7682100120591 /* TMBDProject1.app */,
			);
			name = Products;
			sourceTree = "<group>";
		};
		6E7178E12AF7682100120591 /* TMBDProject */ = {
			isa = PBXGroup;
			children = (
				6E7178E22AF7682100120591 /* AppDelegate.swift */,
				6E7178E42AF7682100120591 /* SceneDelegate.swift */,
				6E7178E62AF7682100120591 /* HomeViewController.swift */,
				6ED3C3C32AF7715300CAED98 /* DetailViewController.swift */,
				6E7178E82AF7682100120591 /* Main.storyboard */,
				6E7178EB2AF7682200120591 /* Assets.xcassets */,
				6E7178ED2AF7682200120591 /* LaunchScreen.storyboard */,
				6E7178F02AF7682200120591 /* Info.plist */,
				6E7178F62AF7689900120591 /* TMDB.swift */,
				6E7178F82AF768C100120591 /* TMDBManager.swift */,
				6E7178FC2AF7692200120591 /* APIKey.swift */,
				6ED3C3C52AF7717F00CAED98 /* MovieTableViewCell.swift */,
				6ED3C3C72AF771A700CAED98 /* CastTableViewCell.swift */,
			);
			path = TMBDProject;
			sourceTree = "<group>";
		};
/* End PBXGroup section */

/* Begin PBXNativeTarget section */
		6E7178DE2AF7682100120591 /* TMBDProject1 */ = {
			isa = PBXNativeTarget;
			buildConfigurationList = 6E7178F32AF7682200120591 /* Build configuration list for PBXNativeTarget "TMBDProject1" */;
			buildPhases = (
				6E7178DB2AF7682100120591 /* Sources */,
				6E7178DC2AF7682100120591 /* Frameworks */,
				6E7178DD2AF7682100120591 /* Resources */,
			);
			buildRules = (
			);
			dependencies = (
			);
			name = TMBDProject1;
			packageProductDependencies = (
				6ED3C3BB2AF76D3B00CAED98 /* SwiftyJSON */,
				6ED3C3BE2AF76DC300CAED98 /* Kingfisher */,
				6ED3C3C12AF76DEE00CAED98 /* Alamofire */,
			);
			productName = TMBDProject;
			productReference = 6E7178DF2AF7682100120591 /* TMBDProject1.app */;
			productType = "com.apple.product-type.application";
		};
/* End PBXNativeTarget section */

/* Begin PBXProject section */
		6E7178D72AF7682100120591 /* Project object */ = {
			isa = PBXProject;
			attributes = {
				BuildIndependentTargetsInParallel = 1;
				LastSwiftUpdateCheck = 1500;
				LastUpgradeCheck = 1500;
				TargetAttributes = {
					6E7178DE2AF7682100120591 = {
						CreatedOnToolsVersion = 15.0.1;
					};
				};
			};
			buildConfigurationList = 6E7178DA2AF7682100120591 /* Build configuration list for PBXProject "TMBDProject1" */;
			compatibilityVersion = "Xcode 14.0";
			developmentRegion = en;
			hasScannedForEncodings = 0;
			knownRegions = (
				en,
				Base,
			);
			mainGroup = 6E7178D62AF7682100120591;
			packageReferences = (
				6ED3C3BA2AF76D3B00CAED98 /* XCRemoteSwiftPackageReference "SwiftyJSON" */,
				6ED3C3BD2AF76DC300CAED98 /* XCRemoteSwiftPackageReference "Kingfisher" */,
				6ED3C3C02AF76DEE00CAED98 /* XCRemoteSwiftPackageReference "Alamofire" */,
			);
			productRefGroup = 6E7178E02AF7682100120591 /* Products */;
			projectDirPath = "";
			projectRoot = "";
			targets = (
				6E7178DE2AF7682100120591 /* TMBDProject1 */,
			);
		};
/* End PBXProject section */

/* Begin PBXResourcesBuildPhase section */
		6E7178DD2AF7682100120591 /* Resources */ = {
			isa = PBXResourcesBuildPhase;
			buildActionMask = 2147483647;
			files = (
				6E7178FB2AF768FA00120591 /* .gitignore in Resources */,
				6E7178EF2AF7682200120591 /* LaunchScreen.storyboard in Resources */,
				6E7178EC2AF7682200120591 /* Assets.xcassets in Resources */,
				6E7178EA2AF7682100120591 /* Main.storyboard in Resources */,
			);
			runOnlyForDeploymentPostprocessing = 0;
		};
/* End PBXResourcesBuildPhase section */

/* Begin PBXSourcesBuildPhase section */
		6E7178DB2AF7682100120591 /* Sources */ = {
			isa = PBXSourcesBuildPhase;
			buildActionMask = 2147483647;
			files = (
				6E7178F72AF7689900120591 /* TMDB.swift in Sources */,
				6E7178E72AF7682100120591 /* HomeViewController.swift in Sources */,
				6E7178F92AF768C100120591 /* TMDBManager.swift in Sources */,
				6E7178E32AF7682100120591 /* AppDelegate.swift in Sources */,
				6E7178FD2AF7692200120591 /* APIKey.swift in Sources */,
				6E7178E52AF7682100120591 /* SceneDelegate.swift in Sources */,
				6ED3C3C62AF7717F00CAED98 /* MovieTableViewCell.swift in Sources */,
				6ED3C3C42AF7715300CAED98 /* DetailViewController.swift in Sources */,
				6ED3C3C82AF771A700CAED98 /* CastTableViewCell.swift in Sources */,
			);
			runOnlyForDeploymentPostprocessing = 0;
		};
/* End PBXSourcesBuildPhase section */

/* Begin PBXVariantGroup section */
		6E7178E82AF7682100120591 /* Main.storyboard */ = {
			isa = PBXVariantGroup;
			children = (
				6E7178E92AF7682100120591 /* Base */,
			);
			name = Main.storyboard;
			sourceTree = "<group>";
		};
		6E7178ED2AF7682200120591 /* LaunchScreen.storyboard */ = {
			isa = PBXVariantGroup;
			children = (
				6E7178EE2AF7682200120591 /* Base */,
			);
			name = LaunchScreen.storyboard;
			sourceTree = "<group>";
		};
/* End PBXVariantGroup section */

/* Begin XCBuildConfiguration section */
		6E7178F12AF7682200120591 /* Debug */ = {
			isa = XCBuildConfiguration;
			buildSettings = {
				ALWAYS_SEARCH_USER_PATHS = NO;
				ASSETCATALOG_COMPILER_GENERATE_SWIFT_ASSET_SYMBOL_EXTENSIONS = YES;
				CLANG_ANALYZER_NONNULL = YES;
				CLANG_ANALYZER_NUMBER_OBJECT_CONVERSION = YES_AGGRESSIVE;
				CLANG_CXX_LANGUAGE_STANDARD = "gnu++20";
				CLANG_ENABLE_MODULES = YES;
				CLANG_ENABLE_OBJC_ARC = YES;
				CLANG_ENABLE_OBJC_WEAK = YES;
				CLANG_WARN_BLOCK_CAPTURE_AUTORELEASING = YES;
				CLANG_WARN_BOOL_CONVERSION = YES;
				CLANG_WARN_COMMA = YES;
				CLANG_WARN_CONSTANT_CONVERSION = YES;
				CLANG_WARN_DEPRECATED_OBJC_IMPLEMENTATIONS = YES;
				CLANG_WARN_DIRECT_OBJC_ISA_USAGE = YES_ERROR;
				CLANG_WARN_DOCUMENTATION_COMMENTS = YES;
				CLANG_WARN_EMPTY_BODY = YES;
				CLANG_WARN_ENUM_CONVERSION = YES;
				CLANG_WARN_INFINITE_RECURSION = YES;
				CLANG_WARN_INT_CONVERSION = YES;
				CLANG_WARN_NON_LITERAL_NULL_CONVERSION = YES;
				CLANG_WARN_OBJC_IMPLICIT_RETAIN_SELF = YES;
				CLANG_WARN_OBJC_LITERAL_CONVERSION = YES;
				CLANG_WARN_OBJC_ROOT_CLASS = YES_ERROR;
				CLANG_WARN_QUOTED_INCLUDE_IN_FRAMEWORK_HEADER = YES;
				CLANG_WARN_RANGE_LOOP_ANALYSIS = YES;
				CLANG_WARN_STRICT_PROTOTYPES = YES;
				CLANG_WARN_SUSPICIOUS_MOVE = YES;
				CLANG_WARN_UNGUARDED_AVAILABILITY = YES_AGGRESSIVE;
				CLANG_WARN_UNREACHABLE_CODE = YES;
				CLANG_WARN__DUPLICATE_METHOD_MATCH = YES;
				COPY_PHASE_STRIP = NO;
				DEBUG_INFORMATION_FORMAT = dwarf;
				ENABLE_STRICT_OBJC_MSGSEND = YES;
				ENABLE_TESTABILITY = YES;
				ENABLE_USER_SCRIPT_SANDBOXING = YES;
				GCC_C_LANGUAGE_STANDARD = gnu17;
				GCC_DYNAMIC_NO_PIC = NO;
				GCC_NO_COMMON_BLOCKS = YES;
				GCC_OPTIMIZATION_LEVEL = 0;
				GCC_PREPROCESSOR_DEFINITIONS = (
					"DEBUG=1",
					"$(inherited)",
				);
				GCC_WARN_64_TO_32_BIT_CONVERSION = YES;
				GCC_WARN_ABOUT_RETURN_TYPE = YES_ERROR;
				GCC_WARN_UNDECLARED_SELECTOR = YES;
				GCC_WARN_UNINITIALIZED_AUTOS = YES_AGGRESSIVE;
				GCC_WARN_UNUSED_FUNCTION = YES;
				GCC_WARN_UNUSED_VARIABLE = YES;
				IPHONEOS_DEPLOYMENT_TARGET = 16.0;
				LOCALIZATION_PREFERS_STRING_CATALOGS = YES;
				MTL_ENABLE_DEBUG_INFO = INCLUDE_SOURCE;
				MTL_FAST_MATH = YES;
				ONLY_ACTIVE_ARCH = YES;
				SDKROOT = iphoneos;
				SWIFT_ACTIVE_COMPILATION_CONDITIONS = "DEBUG $(inherited)";
				SWIFT_OPTIMIZATION_LEVEL = "-Onone";
			};
			name = Debug;
		};
		6E7178F22AF7682200120591 /* Release */ = {
			isa = XCBuildConfiguration;
			buildSettings = {
				ALWAYS_SEARCH_USER_PATHS = NO;
				ASSETCATALOG_COMPILER_GENERATE_SWIFT_ASSET_SYMBOL_EXTENSIONS = YES;
				CLANG_ANALYZER_NONNULL = YES;
				CLANG_ANALYZER_NUMBER_OBJECT_CONVERSION = YES_AGGRESSIVE;
				CLANG_CXX_LANGUAGE_STANDARD = "gnu++20";
				CLANG_ENABLE_MODULES = YES;
				CLANG_ENABLE_OBJC_ARC = YES;
				CLANG_ENABLE_OBJC_WEAK = YES;
				CLANG_WARN_BLOCK_CAPTURE_AUTORELEASING = YES;
				CLANG_WARN_BOOL_CONVERSION = YES;
				CLANG_WARN_COMMA = YES;
				CLANG_WARN_CONSTANT_CONVERSION = YES;
				CLANG_WARN_DEPRECATED_OBJC_IMPLEMENTATIONS = YES;
				CLANG_WARN_DIRECT_OBJC_ISA_USAGE = YES_ERROR;
				CLANG_WARN_DOCUMENTATION_COMMENTS = YES;
				CLANG_WARN_EMPTY_BODY = YES;
				CLANG_WARN_ENUM_CONVERSION = YES;
				CLANG_WARN_INFINITE_RECURSION = YES;
				CLANG_WARN_INT_CONVERSION = YES;
				CLANG_WARN_NON_LITERAL_NULL_CONVERSION = YES;
				CLANG_WARN_OBJC_IMPLICIT_RETAIN_SELF = YES;
				CLANG_WARN_OBJC_LITERAL_CONVERSION = YES;
				CLANG_WARN_OBJC_ROOT_CLASS = YES_ERROR;
				CLANG_WARN_QUOTED_INCLUDE_IN_FRAMEWORK_HEADER = YES;
				CLANG_WARN_RANGE_LOOP_ANALYSIS = YES;
				CLANG_WARN_STRICT_PROTOTYPES = YES;
				CLANG_WARN_SUSPICIOUS_MOVE = YES;
				CLANG_WARN_UNGUARDED_AVAILABILITY = YES_AGGRESSIVE;
				CLANG_WARN_UNREACHABLE_CODE = YES;
				CLANG_WARN__DUPLICATE_METHOD_MATCH = YES;
				COPY_PHASE_STRIP = NO;
				DEBUG_INFORMATION_FORMAT = "dwarf-with-dsym";
				ENABLE_NS_ASSERTIONS = NO;
				ENABLE_STRICT_OBJC_MSGSEND = YES;
				ENABLE_USER_SCRIPT_SANDBOXING = YES;
				GCC_C_LANGUAGE_STANDARD = gnu17;
				GCC_NO_COMMON_BLOCKS = YES;
				GCC_WARN_64_TO_32_BIT_CONVERSION = YES;
				GCC_WARN_ABOUT_RETURN_TYPE = YES_ERROR;
				GCC_WARN_UNDECLARED_SELECTOR = YES;
				GCC_WARN_UNINITIALIZED_AUTOS = YES_AGGRESSIVE;
				GCC_WARN_UNUSED_FUNCTION = YES;
				GCC_WARN_UNUSED_VARIABLE = YES;
				IPHONEOS_DEPLOYMENT_TARGET = 16.0;
				LOCALIZATION_PREFERS_STRING_CATALOGS = YES;
				MTL_ENABLE_DEBUG_INFO = NO;
				MTL_FAST_MATH = YES;
				SDKROOT = iphoneos;
				SWIFT_COMPILATION_MODE = wholemodule;
				VALIDATE_PRODUCT = YES;
			};
			name = Release;
		};
		6E7178F42AF7682200120591 /* Debug */ = {
			isa = XCBuildConfiguration;
			buildSettings = {
				ASSETCATALOG_COMPILER_APPICON_NAME = AppIcon;
				ASSETCATALOG_COMPILER_GLOBAL_ACCENT_COLOR_NAME = AccentColor;
				CODE_SIGN_STYLE = Automatic;
				CURRENT_PROJECT_VERSION = 1;
				DEVELOPMENT_TEAM = B24G869DB7;
				GENERATE_INFOPLIST_FILE = YES;
				INFOPLIST_FILE = TMBDProject/Info.plist;
				INFOPLIST_KEY_UIApplicationSupportsIndirectInputEvents = YES;
				INFOPLIST_KEY_UILaunchStoryboardName = LaunchScreen;
				INFOPLIST_KEY_UIMainStoryboardFile = Main;
				INFOPLIST_KEY_UISupportedInterfaceOrientations = UIInterfaceOrientationPortrait;
				INFOPLIST_KEY_UISupportedInterfaceOrientations_iPad = "UIInterfaceOrientationLandscapeLeft UIInterfaceOrientationLandscapeRight UIInterfaceOrientationPortrait UIInterfaceOrientationPortraitUpsideDown";
				LD_RUNPATH_SEARCH_PATHS = (
					"$(inherited)",
					"@executable_path/Frameworks",
				);
				MARKETING_VERSION = 1.0;
				PRODUCT_BUNDLE_IDENTIFIER = SeSAC.TMBDProject;
				PRODUCT_NAME = "$(TARGET_NAME)";
				SUPPORTED_PLATFORMS = "iphoneos iphonesimulator";
				SUPPORTS_MACCATALYST = NO;
				SUPPORTS_MAC_DESIGNED_FOR_IPHONE_IPAD = NO;
				SWIFT_EMIT_LOC_STRINGS = YES;
				SWIFT_VERSION = 5.0;
				TARGETED_DEVICE_FAMILY = 1;
			};
			name = Debug;
		};
		6E7178F52AF7682200120591 /* Release */ = {
			isa = XCBuildConfiguration;
			buildSettings = {
				ASSETCATALOG_COMPILER_APPICON_NAME = AppIcon;
				ASSETCATALOG_COMPILER_GLOBAL_ACCENT_COLOR_NAME = AccentColor;
				CODE_SIGN_STYLE = Automatic;
				CURRENT_PROJECT_VERSION = 1;
				DEVELOPMENT_TEAM = B24G869DB7;
				GENERATE_INFOPLIST_FILE = YES;
				INFOPLIST_FILE = TMBDProject/Info.plist;
				INFOPLIST_KEY_UIApplicationSupportsIndirectInputEvents = YES;
				INFOPLIST_KEY_UILaunchStoryboardName = LaunchScreen;
				INFOPLIST_KEY_UIMainStoryboardFile = Main;
				INFOPLIST_KEY_UISupportedInterfaceOrientations = UIInterfaceOrientationPortrait;
				INFOPLIST_KEY_UISupportedInterfaceOrientations_iPad = "UIInterfaceOrientationLandscapeLeft UIInterfaceOrientationLandscapeRight UIInterfaceOrientationPortrait UIInterfaceOrientationPortraitUpsideDown";
				LD_RUNPATH_SEARCH_PATHS = (
					"$(inherited)",
					"@executable_path/Frameworks",
				);
				MARKETING_VERSION = 1.0;
				PRODUCT_BUNDLE_IDENTIFIER = SeSAC.TMBDProject;
				PRODUCT_NAME = "$(TARGET_NAME)";
				SUPPORTED_PLATFORMS = "iphoneos iphonesimulator";
				SUPPORTS_MACCATALYST = NO;
				SUPPORTS_MAC_DESIGNED_FOR_IPHONE_IPAD = NO;
				SWIFT_EMIT_LOC_STRINGS = YES;
				SWIFT_VERSION = 5.0;
				TARGETED_DEVICE_FAMILY = 1;
			};
			name = Release;
		};
/* End XCBuildConfiguration section */

/* Begin XCConfigurationList section */
		6E7178DA2AF7682100120591 /* Build configuration list for PBXProject "TMBDProject1" */ = {
			isa = XCConfigurationList;
			buildConfigurations = (
				6E7178F12AF7682200120591 /* Debug */,
				6E7178F22AF7682200120591 /* Release */,
			);
			defaultConfigurationIsVisible = 0;
			defaultConfigurationName = Release;
		};
		6E7178F32AF7682200120591 /* Build configuration list for PBXNativeTarget "TMBDProject1" */ = {
			isa = XCConfigurationList;
			buildConfigurations = (
				6E7178F42AF7682200120591 /* Debug */,
				6E7178F52AF7682200120591 /* Release */,
			);
			defaultConfigurationIsVisible = 0;
			defaultConfigurationName = Release;
		};
/* End XCConfigurationList section */

/* Begin XCRemoteSwiftPackageReference section */
		6ED3C3BA2AF76D3B00CAED98 /* XCRemoteSwiftPackageReference "SwiftyJSON" */ = {
			isa = XCRemoteSwiftPackageReference;
			repositoryURL = "https://github.com/SwiftyJSON/SwiftyJSON.git";
			requirement = {
				kind = upToNextMajorVersion;
				minimumVersion = 5.0.1;
			};
		};
		6ED3C3BD2AF76DC300CAED98 /* XCRemoteSwiftPackageReference "Kingfisher" */ = {
			isa = XCRemoteSwiftPackageReference;
			repositoryURL = "https://github.com/onevcat/Kingfisher.git";
			requirement = {
				kind = upToNextMajorVersion;
				minimumVersion = 7.10.0;
			};
		};
		6ED3C3C02AF76DEE00CAED98 /* XCRemoteSwiftPackageReference "Alamofire" */ = {
			isa = XCRemoteSwiftPackageReference;
			repositoryURL = "https://github.com/Alamofire/Alamofire.git";
			requirement = {
				kind = upToNextMajorVersion;
				minimumVersion = 5.8.1;
			};
		};
/* End XCRemoteSwiftPackageReference section */

/* Begin XCSwiftPackageProductDependency section */
		6ED3C3BB2AF76D3B00CAED98 /* SwiftyJSON */ = {
			isa = XCSwiftPackageProductDependency;
			package = 6ED3C3BA2AF76D3B00CAED98 /* XCRemoteSwiftPackageReference "SwiftyJSON" */;
			productName = SwiftyJSON;
		};
		6ED3C3BE2AF76DC300CAED98 /* Kingfisher */ = {
			isa = XCSwiftPackageProductDependency;
			package = 6ED3C3BD2AF76DC300CAED98 /* XCRemoteSwiftPackageReference "Kingfisher" */;
			productName = Kingfisher;
		};
		6ED3C3C12AF76DEE00CAED98 /* Alamofire */ = {
			isa = XCSwiftPackageProductDependency;
			package = 6ED3C3C02AF76DEE00CAED98 /* XCRemoteSwiftPackageReference "Alamofire" */;
			productName = Alamofire;
		};
/* End XCSwiftPackageProductDependency section */
	};
	rootObject = 6E7178D72AF7682100120591 /* Project object */;
}
